
Microsoft Visual Studio Solution File, Format Version 12.00
# Visual Studio 2015
Project("{FAE04EC0-301F-11D3-BF4B-00C04F79EFBC}") = "After The EndV2.Plugins", "After The EndV2.Plugins.csproj", "{758690E7-4497-E9F8-AA0E-BAB41DB5C6D2}"
EndProject
Project("{FAE04EC0-301F-11D3-BF4B-00C04F79EFBC}") = "After The EndV2", "After The EndV2.csproj", "{73B30425-7066-E3BE-0825-344ABF3AF1DC}"
EndProject
Project("{FAE04EC0-301F-11D3-BF4B-00C04F79EFBC}") = "After The EndV2.Editor.Plugins", "After The EndV2.Editor.Plugins.csproj", "{68C1E2EE-3117-F193-6186-C10B826ED7CA}"
EndProject
Global
	GlobalSection(SolutionConfigurationPlatforms) = preSolution
		Debug|Any CPU = Debug|Any CPU
		Release|Any CPU = Release|Any CPU
	EndGlobalSection
	GlobalSection(ProjectConfigurationPlatforms) = postSolution
		{758690E7-4497-E9F8-AA0E-BAB41DB5C6D2}.Debug|Any CPU.ActiveCfg = Debug|Any CPU
		{758690E7-4497-E9F8-AA0E-BAB41DB5C6D2}.Debug|Any CPU.Build.0 = Debug|Any CPU
		{758690E7-4497-E9F8-AA0E-BAB41DB5C6D2}.Release|Any CPU.ActiveCfg = Release|Any CPU
		{758690E7-4497-E9F8-AA0E-BAB41DB5C6D2}.Release|Any CPU.Build.0 = Release|Any CPU
		{73B30425-7066-E3BE-0825-344ABF3AF1DC}.Debug|Any CPU.ActiveCfg = Debug|Any CPU
		{73B30425-7066-E3BE-0825-344ABF3AF1DC}.Debug|Any CPU.Build.0 = Debug|Any CPU
		{73B30425-7066-E3BE-0825-344ABF3AF1DC}.Release|Any CPU.ActiveCfg = Release|Any CPU
		{73B30425-7066-E3BE-0825-344ABF3AF1DC}.Release|Any CPU.Build.0 = Release|Any CPU
		{68C1E2EE-3117-F193-6186-C10B826ED7CA}.Debug|Any CPU.ActiveCfg = Debug|Any CPU
		{68C1E2EE-3117-F193-6186-C10B826ED7CA}.Debug|Any CPU.Build.0 = Debug|Any CPU
		{68C1E2EE-3117-F193-6186-C10B826ED7CA}.Release|Any CPU.ActiveCfg = Release|Any CPU
		{68C1E2EE-3117-F193-6186-C10B826ED7CA}.Release|Any CPU.Build.0 = Release|Any CPU
	EndGlobalSection
	GlobalSection(SolutionProperties) = preSolution
		HideSolutionNode = FALSE
	EndGlobalSection
EndGlobal
